
Microsoft Visual Studio Solution File, Format Version 12.00
# Visual Studio Version 17
VisualStudioVersion = 17.3.32819.101
MinimumVisualStudioVersion = 10.0.40219.1
Project("{FAE04EC0-301F-11D3-BF4B-00C04F79EFBC}") = "TVCP Module - COM Objects Provider", "TVCP Module - COM Objects Provider\TVCP Module - COM Objects Provider.csproj", "{0C99B14C-22EC-4F03-81D5-29C1C9F54DCB}"
EndProject
Global
	GlobalSection(SolutionConfigurationPlatforms) = preSolution
		Debug|Any CPU = Debug|Any CPU
		Release|Any CPU = Release|Any CPU
	EndGlobalSection
	GlobalSection(ProjectConfigurationPlatforms) = postSolution
		{0C99B14C-22EC-4F03-81D5-29C1C9F54DCB}.Debug|Any CPU.ActiveCfg = Debug|Any CPU
		{0C99B14C-22EC-4F03-81D5-29C1C9F54DCB}.Debug|Any CPU.Build.0 = Debug|Any CPU
		{0C99B14C-22EC-4F03-81D5-29C1C9F54DCB}.Release|Any CPU.ActiveCfg = Release|Any CPU
		{0C99B14C-22EC-4F03-81D5-29C1C9F54DCB}.Release|Any CPU.Build.0 = Release|Any CPU
	EndGlobalSection
	GlobalSection(SolutionProperties) = preSolution
		HideSolutionNode = FALSE
	EndGlobalSection
	GlobalSection(ExtensibilityGlobals) = postSolution
		SolutionGuid = {9D9A985E-68C0-479F-B3F7-EAD47E8B70E1}
	EndGlobalSection
EndGlobal
